
Microsoft Visual Studio Solution File, Format Version 12.00
# Visual Studio Version 17
VisualStudioVersion = 17.2.32505.173
MinimumVisualStudioVersion = 10.0.40219.1
Project("{9A19103F-16F7-4668-BE54-9A1E7A4F7556}") = "MoreLifeTips", "MoreLifeTips.csproj", "{8F7DD32B-264E-4E80-BFDA-43ED1577E6AF}"
EndProject
Global
	GlobalSection(SolutionConfigurationPlatforms) = preSolution
		Debug|Any CPU = Debug|Any CPU
		Release|Any CPU = Release|Any CPU
	EndGlobalSection
	GlobalSection(ProjectConfigurationPlatforms) = postSolution
		{8F7DD32B-264E-4E80-BFDA-43ED1577E6AF}.Debug|Any CPU.ActiveCfg = Debug|Any CPU
		{8F7DD32B-264E-4E80-BFDA-43ED1577E6AF}.Debug|Any CPU.Build.0 = Debug|Any CPU
		{8F7DD32B-264E-4E80-BFDA-43ED1577E6AF}.Release|Any CPU.ActiveCfg = Release|Any CPU
		{8F7DD32B-264E-4E80-BFDA-43ED1577E6AF}.Release|Any CPU.Build.0 = Release|Any CPU
	EndGlobalSection
	GlobalSection(SolutionProperties) = preSolution
		HideSolutionNode = FALSE
	EndGlobalSection
	GlobalSection(ExtensibilityGlobals) = postSolution
		SolutionGuid = {E82147C0-7D58-445E-9953-CB82E6CA5F94}
	EndGlobalSection
EndGlobal
